// !$*UTF8*$!
{
	archiveVersion = 1;
	classes = {
	};
	objectVersion = 50;
	objects = {

/* Begin PBXBuildFile section */
		98B9B9F426D9FB5D0071DC3A /* SimpleAppApp.swift in Sources */ = {isa = PBXBuildFile; fileRef = 98B9B9F326D9FB5D0071DC3A /* SimpleAppApp.swift */; };
		98B9B9F626D9FB5D0071DC3A /* ContentView.swift in Sources */ = {isa = PBXBuildFile; fileRef = 98B9B9F526D9FB5D0071DC3A /* ContentView.swift */; };
		98B9B9F826D9FB5F0071DC3A /* Assets.xcassets in Resources */ = {isa = PBXBuildFile; fileRef = 98B9B9F726D9FB5F0071DC3A /* Assets.xcassets */; };
		98B9B9FB26D9FB5F0071DC3A /* Preview Assets.xcassets in Resources */ = {isa = PBXBuildFile; fileRef = 98B9B9FA26D9FB5F0071DC3A /* Preview Assets.xcassets */; };
		98B9BA0626D9FB5F0071DC3A /* SimpleAppTests.swift in Sources */ = {isa = PBXBuildFile; fileRef = 98B9BA0526D9FB5F0071DC3A /* SimpleAppTests.swift */; };
		98B9BA1126D9FB5F0071DC3A /* SimpleAppUITests.swift in Sources */ = {isa = PBXBuildFile; fileRef = 98B9BA1026D9FB5F0071DC3A /* SimpleAppUITests.swift */; };
/* End PBXBuildFile section */

/* Begin PBXContainerItemProxy section */
		98B9BA0226D9FB5F0071DC3A /* PBXContainerItemProxy */ = {
			isa = PBXContainerItemProxy;
			containerPortal = 98B9B9E826D9FB5D0071DC3A /* Project object */;
			proxyType = 1;
			remoteGlobalIDString = 98B9B9EF26D9FB5D0071DC3A;
			remoteInfo = SimpleApp;
		};
		98B9BA0D26D9FB5F0071DC3A /* PBXContainerItemProxy */ = {
			isa = PBXContainerItemProxy;
			containerPortal = 98B9B9E826D9FB5D0071DC3A /* Project object */;
			proxyType = 1;
			remoteGlobalIDString = 98B9B9EF26D9FB5D0071DC3A;
			remoteInfo = SimpleApp;
		};
/* End PBXContainerItemProxy section */

/* Begin PBXFileReference section */
		98B9B9F026D9FB5D0071DC3A /* SimpleApp.app */ = {isa = PBXFileReference; explicitFileType = wrapper.application; includeInIndex = 0; path = SimpleApp.app; sourceTree = BUILT_PRODUCTS_DIR; };
		98B9B9F326D9FB5D0071DC3A /* SimpleAppApp.swift */ = {isa = PBXFileReference; lastKnownFileType = sourcecode.swift; path = SimpleAppApp.swift; sourceTree = "<group>"; };
		98B9B9F526D9FB5D0071DC3A /* ContentView.swift */ = {isa = PBXFileReference; lastKnownFileType = sourcecode.swift; path = ContentView.swift; sourceTree = "<group>"; };
		98B9B9F726D9FB5F0071DC3A /* Assets.xcassets */ = {isa = PBXFileReference; lastKnownFileType = folder.assetcatalog; path = Assets.xcassets; sourceTree = "<group>"; };
		98B9B9FA26D9FB5F0071DC3A /* Preview Assets.xcassets */ = {isa = PBXFileReference; lastKnownFileType = folder.assetcatalog; path = "Preview Assets.xcassets"; sourceTree = "<group>"; };
		98B9B9FC26D9FB5F0071DC3A /* Info.plist */ = {isa = PBXFileReference; lastKnownFileType = text.plist.xml; path = Info.plist; sourceTree = "<group>"; };
		98B9BA0126D9FB5F0071DC3A /* SimpleAppTests.xctest */ = {isa = PBXFileReference; explicitFileType = wrapper.cfbundle; includeInIndex = 0; path = SimpleAppTests.xctest; sourceTree = BUILT_PRODUCTS_DIR; };
		98B9BA0526D9FB5F0071DC3A /* SimpleAppTests.swift */ = {isa = PBXFileReference; lastKnownFileType = sourcecode.swift; path = SimpleAppTests.swift; sourceTree = "<group>"; };
		98B9BA0726D9FB5F0071DC3A /* Info.plist */ = {isa = PBXFileReference; lastKnownFileType = text.plist.xml; path = Info.plist; sourceTree = "<group>"; };
		98B9BA0C26D9FB5F0071DC3A /* SimpleAppUITests.xctest */ = {isa = PBXFileReference; explicitFileType = wrapper.cfbundle; includeInIndex = 0; path = SimpleAppUITests.xctest; sourceTree = BUILT_PRODUCTS_DIR; };
		98B9BA1026D9FB5F0071DC3A /* SimpleAppUITests.swift */ = {isa = PBXFileReference; lastKnownFileType = sourcecode.swift; path = SimpleAppUITests.swift; sourceTree = "<group>"; };
		98B9BA1226D9FB5F0071DC3A /* Info.plist */ = {isa = PBXFileReference; lastKnownFileType = text.plist.xml; path = Info.plist; sourceTree = "<group>"; };
/* End PBXFileReference section */

/* Begin PBXFrameworksBuildPhase section */
		98B9B9ED26D9FB5D0071DC3A /* Frameworks */ = {
			isa = PBXFrameworksBuildPhase;
			buildActionMask = 2147483647;
			files = (
			);
			runOnlyForDeploymentPostprocessing = 0;
		};
		98B9B9FE26D9FB5F0071DC3A /* Frameworks */ = {
			isa = PBXFrameworksBuildPhase;
			buildActionMask = 2147483647;
			files = (
			);
			runOnlyForDeploymentPostprocessing = 0;
		};
		98B9BA0926D9FB5F0071DC3A /* Frameworks */ = {
			isa = PBXFrameworksBuildPhase;
			buildActionMask = 2147483647;
			files = (
			);
			runOnlyForDeploymentPostprocessing = 0;
		};
/* End PBXFrameworksBuildPhase section */

/* Begin PBXGroup section */
		98B9B9E726D9FB5D0071DC3A = {
			isa = PBXGroup;
			children = (
				98B9B9F226D9FB5D0071DC3A /* SimpleApp */,
				98B9BA0426D9FB5F0071DC3A /* SimpleAppTests */,
				98B9BA0F26D9FB5F0071DC3A /* SimpleAppUITests */,
				98B9B9F126D9FB5D0071DC3A /* Products */,
			);
			sourceTree = "<group>";
		};
		98B9B9F126D9FB5D0071DC3A /* Products */ = {
			isa = PBXGroup;
			children = (
				98B9B9F026D9FB5D0071DC3A /* SimpleApp.app */,
				98B9BA0126D9FB5F0071DC3A /* SimpleAppTests.xctest */,
				98B9BA0C26D9FB5F0071DC3A /* SimpleAppUITests.xctest */,
			);
			name = Products;
			sourceTree = "<group>";
		};
		98B9B9F226D9FB5D0071DC3A /* SimpleApp */ = {
			isa = PBXGroup;
			children = (
				98B9B9F326D9FB5D0071DC3A /* SimpleAppApp.swift */,
				98B9B9F526D9FB5D0071DC3A /* ContentView.swift */,
				98B9B9F726D9FB5F0071DC3A /* Assets.xcassets */,
				98B9B9FC26D9FB5F0071DC3A /* Info.plist */,
				98B9B9F926D9FB5F0071DC3A /* Preview Content */,
			);
			path = SimpleApp;
			sourceTree = "<group>";
		};
		98B9B9F926D9FB5F0071DC3A /* Preview Content */ = {
			isa = PBXGroup;
			children = (
				98B9B9FA26D9FB5F0071DC3A /* Preview Assets.xcassets */,
			);
			path = "Preview Content";
			sourceTree = "<group>";
		};
		98B9BA0426D9FB5F0071DC3A /* SimpleAppTests */ = {
			isa = PBXGroup;
			children = (
				98B9BA0526D9FB5F0071DC3A /* SimpleAppTests.swift */,
				98B9BA0726D9FB5F0071DC3A /* Info.plist */,
			);
			path = SimpleAppTests;
			sourceTree = "<group>";
		};
		98B9BA0F26D9FB5F0071DC3A /* SimpleAppUITests */ = {
			isa = PBXGroup;
			children = (
				98B9BA1026D9FB5F0071DC3A /* SimpleAppUITests.swift */,
				98B9BA1226D9FB5F0071DC3A /* Info.plist */,
			);
			path = SimpleAppUITests;
			sourceTree = "<group>";
		};
/* End PBXGroup section */

/* Begin PBXNativeTarget section */
		98B9B9EF26D9FB5D0071DC3A /* SimpleApp */ = {
			isa = PBXNativeTarget;
			buildConfigurationList = 98B9BA1526D9FB5F0071DC3A /* Build configuration list for PBXNativeTarget "SimpleApp" */;
			buildPhases = (
				98B9B9EC26D9FB5D0071DC3A /* Sources */,
				98B9B9ED26D9FB5D0071DC3A /* Frameworks */,
				98B9B9EE26D9FB5D0071DC3A /* Resources */,
			);
			buildRules = (
			);
			dependencies = (
			);
			name = SimpleApp;
			productName = SimpleApp;
			productReference = 98B9B9F026D9FB5D0071DC3A /* SimpleApp.app */;
			productType = "com.apple.product-type.application";
		};
		98B9BA0026D9FB5F0071DC3A /* SimpleAppTests */ = {
			isa = PBXNativeTarget;
			buildConfigurationList = 98B9BA1826D9FB5F0071DC3A /* Build configuration list for PBXNativeTarget "SimpleAppTests" */;
			buildPhases = (
				98B9B9FD26D9FB5F0071DC3A /* Sources */,
				98B9B9FE26D9FB5F0071DC3A /* Frameworks */,
				98B9B9FF26D9FB5F0071DC3A /* Resources */,
			);
			buildRules = (
			);
			dependencies = (
				98B9BA0326D9FB5F0071DC3A /* PBXTargetDependency */,
			);
			name = SimpleAppTests;
			productName = SimpleAppTests;
			productReference = 98B9BA0126D9FB5F0071DC3A /* SimpleAppTests.xctest */;
			productType = "com.apple.product-type.bundle.unit-test";
		};
		98B9BA0B26D9FB5F0071DC3A /* SimpleAppUITests */ = {
			isa = PBXNativeTarget;
			buildConfigurationList = 98B9BA1B26D9FB5F0071DC3A /* Build configuration list for PBXNativeTarget "SimpleAppUITests" */;
			buildPhases = (
				98B9BA0826D9FB5F0071DC3A /* Sources */,
				98B9BA0926D9FB5F0071DC3A /* Frameworks */,
				98B9BA0A26D9FB5F0071DC3A /* Resources */,
			);
			buildRules = (
			);
			dependencies = (
				98B9BA0E26D9FB5F0071DC3A /* PBXTargetDependency */,
			);
			name = SimpleAppUITests;
			productName = SimpleAppUITests;
			productReference = 98B9BA0C26D9FB5F0071DC3A /* SimpleAppUITests.xctest */;
			productType = "com.apple.product-type.bundle.ui-testing";
		};
/* End PBXNativeTarget section */

/* Begin PBXProject section */
		98B9B9E826D9FB5D0071DC3A /* Project object */ = {
			isa = PBXProject;
			attributes = {
				LastSwiftUpdateCheck = 1250;
				LastUpgradeCheck = 1250;
				TargetAttributes = {
					98B9B9EF26D9FB5D0071DC3A = {
						CreatedOnToolsVersion = 12.5.1;
					};
					98B9BA0026D9FB5F0071DC3A = {
						CreatedOnToolsVersion = 12.5.1;
						TestTargetID = 98B9B9EF26D9FB5D0071DC3A;
					};
					98B9BA0B26D9FB5F0071DC3A = {
						CreatedOnToolsVersion = 12.5.1;
						TestTargetID = 98B9B9EF26D9FB5D0071DC3A;
					};
				};
			};
			buildConfigurationList = 98B9B9EB26D9FB5D0071DC3A /* Build configuration list for PBXProject "SimpleApp" */;
			compatibilityVersion = "Xcode 9.3";
			developmentRegion = en;
			hasScannedForEncodings = 0;
			knownRegions = (
				en,
				Base,
			);
			mainGroup = 98B9B9E726D9FB5D0071DC3A;
			productRefGroup = 98B9B9F126D9FB5D0071DC3A /* Products */;
			projectDirPath = "";
			projectRoot = "";
			targets = (
				98B9B9EF26D9FB5D0071DC3A /* SimpleApp */,
				98B9BA0026D9FB5F0071DC3A /* SimpleAppTests */,
				98B9BA0B26D9FB5F0071DC3A /* SimpleAppUITests */,
			);
		};
/* End PBXProject section */

/* Begin PBXResourcesBuildPhase section */
		98B9B9EE26D9FB5D0071DC3A /* Resources */ = {
			isa = PBXResourcesBuildPhase;
			buildActionMask = 2147483647;
			files = (
				98B9B9FB26D9FB5F0071DC3A /* Preview Assets.xcassets in Resources */,
				98B9B9F826D9FB5F0071DC3A /* Assets.xcassets in Resources */,
			);
			runOnlyForDeploymentPostprocessing = 0;
		};
		98B9B9FF26D9FB5F0071DC3A /* Resources */ = {
			isa = PBXResourcesBuildPhase;
			buildActionMask = 2147483647;
			files = (
			);
			runOnlyForDeploymentPostprocessing = 0;
		};
		98B9BA0A26D9FB5F0071DC3A /* Resources */ = {
			isa = PBXResourcesBuildPhase;
			buildActionMask = 2147483647;
			files = (
			);
			runOnlyForDeploymentPostprocessing = 0;
		};
/* End PBXResourcesBuildPhase section */

/* Begin PBXSourcesBuildPhase section */
		98B9B9EC26D9FB5D0071DC3A /* Sources */ = {
			isa = PBXSourcesBuildPhase;
			buildActionMask = 2147483647;
			files = (
				98B9B9F626D9FB5D0071DC3A /* ContentView.swift in Sources */,
				98B9B9F426D9FB5D0071DC3A /* SimpleAppApp.swift in Sources */,
			);
			runOnlyForDeploymentPostprocessing = 0;
		};
		98B9B9FD26D9FB5F0071DC3A /* Sources */ = {
			isa = PBXSourcesBuildPhase;
			buildActionMask = 2147483647;
			files = (
				98B9BA0626D9FB5F0071DC3A /* SimpleAppTests.swift in Sources */,
			);
			runOnlyForDeploymentPostprocessing = 0;
		};
		98B9BA0826D9FB5F0071DC3A /* Sources */ = {
			isa = PBXSourcesBuildPhase;
			buildActionMask = 2147483647;
			files = (
				98B9BA1126D9FB5F0071DC3A /* SimpleAppUITests.swift in Sources */,
			);
			runOnlyForDeploymentPostprocessing = 0;
		};
/* End PBXSourcesBuildPhase section */

/* Begin PBXTargetDependency section */
		98B9BA0326D9FB5F0071DC3A /* PBXTargetDependency */ = {
			isa = PBXTargetDependency;
			target = 98B9B9EF26D9FB5D0071DC3A /* SimpleApp */;
			targetProxy = 98B9BA0226D9FB5F0071DC3A /* PBXContainerItemProxy */;
		};
		98B9BA0E26D9FB5F0071DC3A /* PBXTargetDependency */ = {
			isa = PBXTargetDependency;
			target = 98B9B9EF26D9FB5D0071DC3A /* SimpleApp */;
			targetProxy = 98B9BA0D26D9FB5F0071DC3A /* PBXContainerItemProxy */;
		};
/* End PBXTargetDependency section */

/* Begin XCBuildConfiguration section */
		98B9BA1326D9FB5F0071DC3A /* Debug */ = {
			isa = XCBuildConfiguration;
			buildSettings = {
				ALWAYS_SEARCH_USER_PATHS = NO;
				CLANG_ANALYZER_NONNULL = YES;
				CLANG_ANALYZER_NUMBER_OBJECT_CONVERSION = YES_AGGRESSIVE;
				CLANG_CXX_LANGUAGE_STANDARD = "gnu++14";
				CLANG_CXX_LIBRARY = "libc++";
				CLANG_ENABLE_MODULES = YES;
				CLANG_ENABLE_OBJC_ARC = YES;
				CLANG_ENABLE_OBJC_WEAK = YES;
				CLANG_WARN_BLOCK_CAPTURE_AUTORELEASING = YES;
				CLANG_WARN_BOOL_CONVERSION = YES;
				CLANG_WARN_COMMA = YES;
				CLANG_WARN_CONSTANT_CONVERSION = YES;
				CLANG_WARN_DEPRECATED_OBJC_IMPLEMENTATIONS = YES;
				CLANG_WARN_DIRECT_OBJC_ISA_USAGE = YES_ERROR;
				CLANG_WARN_DOCUMENTATION_COMMENTS = YES;
				CLANG_WARN_EMPTY_BODY = YES;
				CLANG_WARN_ENUM_CONVERSION = YES;
				CLANG_WARN_INFINITE_RECURSION = YES;
				CLANG_WARN_INT_CONVERSION = YES;
				CLANG_WARN_NON_LITERAL_NULL_CONVERSION = YES;
				CLANG_WARN_OBJC_IMPLICIT_RETAIN_SELF = YES;
				CLANG_WARN_OBJC_LITERAL_CONVERSION = YES;
				CLANG_WARN_OBJC_ROOT_CLASS = YES_ERROR;
				CLANG_WARN_QUOTED_INCLUDE_IN_FRAMEWORK_HEADER = YES;
				CLANG_WARN_RANGE_LOOP_ANALYSIS = YES;
				CLANG_WARN_STRICT_PROTOTYPES = YES;
				CLANG_WARN_SUSPICIOUS_MOVE = YES;
				CLANG_WARN_UNGUARDED_AVAILABILITY = YES_AGGRESSIVE;
				CLANG_WARN_UNREACHABLE_CODE = YES;
				CLANG_WARN__DUPLICATE_METHOD_MATCH = YES;
				COPY_PHASE_STRIP = NO;
				DEBUG_INFORMATION_FORMAT = dwarf;
				ENABLE_STRICT_OBJC_MSGSEND = YES;
				ENABLE_TESTABILITY = YES;
				GCC_C_LANGUAGE_STANDARD = gnu11;
				GCC_DYNAMIC_NO_PIC = NO;
				GCC_NO_COMMON_BLOCKS = YES;
				GCC_OPTIMIZATION_LEVEL = 0;
				GCC_PREPROCESSOR_DEFINITIONS = (
					"DEBUG=1",
					"$(inherited)",
				);
				GCC_WARN_64_TO_32_BIT_CONVERSION = YES;
				GCC_WARN_ABOUT_RETURN_TYPE = YES_ERROR;
				GCC_WARN_UNDECLARED_SELECTOR = YES;
				GCC_WARN_UNINITIALIZED_AUTOS = YES_AGGRESSIVE;
				GCC_WARN_UNUSED_FUNCTION = YES;
				GCC_WARN_UNUSED_VARIABLE = YES;
				IPHONEOS_DEPLOYMENT_TARGET = 14.5;
				MTL_ENABLE_DEBUG_INFO = INCLUDE_SOURCE;
				MTL_FAST_MATH = YES;
				ONLY_ACTIVE_ARCH = YES;
				SDKROOT = iphoneos;
				SWIFT_ACTIVE_COMPILATION_CONDITIONS = DEBUG;
				SWIFT_OPTIMIZATION_LEVEL = "-Onone";
			};
			name = Debug;
		};
		98B9BA1426D9FB5F0071DC3A /* Release */ = {
			isa = XCBuildConfiguration;
			buildSettings = {
				ALWAYS_SEARCH_USER_PATHS = NO;
				CLANG_ANALYZER_NONNULL = YES;
				CLANG_ANALYZER_NUMBER_OBJECT_CONVERSION = YES_AGGRESSIVE;
				CLANG_CXX_LANGUAGE_STANDARD = "gnu++14";
				CLANG_CXX_LIBRARY = "libc++";
				CLANG_ENABLE_MODULES = YES;
				CLANG_ENABLE_OBJC_ARC = YES;
				CLANG_ENABLE_OBJC_WEAK = YES;
				CLANG_WARN_BLOCK_CAPTURE_AUTORELEASING = YES;
				CLANG_WARN_BOOL_CONVERSION = YES;
				CLANG_WARN_COMMA = YES;
				CLANG_WARN_CONSTANT_CONVERSION = YES;
				CLANG_WARN_DEPRECATED_OBJC_IMPLEMENTATIONS = YES;
				CLANG_WARN_DIRECT_OBJC_ISA_USAGE = YES_ERROR;
				CLANG_WARN_DOCUMENTATION_COMMENTS = YES;
				CLANG_WARN_EMPTY_BODY = YES;
				CLANG_WARN_ENUM_CONVERSION = YES;
				CLANG_WARN_INFINITE_RECURSION = YES;
				CLANG_WARN_INT_CONVERSION = YES;
				CLANG_WARN_NON_LITERAL_NULL_CONVERSION = YES;
				CLANG_WARN_OBJC_IMPLICIT_RETAIN_SELF = YES;
				CLANG_WARN_OBJC_LITERAL_CONVERSION = YES;
				CLANG_WARN_OBJC_ROOT_CLASS = YES_ERROR;
				CLANG_WARN_QUOTED_INCLUDE_IN_FRAMEWORK_HEADER = YES;
				CLANG_WARN_RANGE_LOOP_ANALYSIS = YES;
				CLANG_WARN_STRICT_PROTOTYPES = YES;
				CLANG_WARN_SUSPICIOUS_MOVE = YES;
				CLANG_WARN_UNGUARDED_AVAILABILITY = YES_AGGRESSIVE;
				CLANG_WARN_UNREACHABLE_CODE = YES;
				CLANG_WARN__DUPLICATE_METHOD_MATCH = YES;
				COPY_PHASE_STRIP = NO;
				DEBUG_INFORMATION_FORMAT = "dwarf-with-dsym";
				ENABLE_NS_ASSERTIONS = NO;
				ENABLE_STRICT_OBJC_MSGSEND = YES;
				GCC_C_LANGUAGE_STANDARD = gnu11;
				GCC_NO_COMMON_BLOCKS = YES;
				GCC_WARN_64_TO_32_BIT_CONVERSION = YES;
				GCC_WARN_ABOUT_RETURN_TYPE = YES_ERROR;
				GCC_WARN_UNDECLARED_SELECTOR = YES;
				GCC_WARN_UNINITIALIZED_AUTOS = YES_AGGRESSIVE;
				GCC_WARN_UNUSED_FUNCTION = YES;
				GCC_WARN_UNUSED_VARIABLE = YES;
				IPHONEOS_DEPLOYMENT_TARGET = 14.5;
				MTL_ENABLE_DEBUG_INFO = NO;
				MTL_FAST_MATH = YES;
				SDKROOT = iphoneos;
				SWIFT_COMPILATION_MODE = wholemodule;
				SWIFT_OPTIMIZATION_LEVEL = "-O";
				VALIDATE_PRODUCT = YES;
			};
			name = Release;
		};
		98B9BA1626D9FB5F0071DC3A /* Debug */ = {
			isa = XCBuildConfiguration;
			buildSettings = {
				ASSETCATALOG_COMPILER_APPICON_NAME = AppIcon;
				ASSETCATALOG_COMPILER_GLOBAL_ACCENT_COLOR_NAME = AccentColor;
				CODE_SIGN_STYLE = Automatic;
				DEVELOPMENT_ASSET_PATHS = "\"SimpleApp/Preview Content\"";
				DEVELOPMENT_TEAM = PGM77L2QFE;
				ENABLE_PREVIEWS = YES;
				INFOPLIST_FILE = SimpleApp/Info.plist;
				IPHONEOS_DEPLOYMENT_TARGET = 14.0;
				LD_RUNPATH_SEARCH_PATHS = (
					"$(inherited)",
					"@executable_path/Frameworks",
				);
				PRODUCT_BUNDLE_IDENTIFIER = jlznerDev.SimpleApp;
				PRODUCT_NAME = "$(TARGET_NAME)";
				SWIFT_VERSION = 5.0;
				TARGETED_DEVICE_FAMILY = "1,2";
			};
			name = Debug;
		};
		98B9BA1726D9FB5F0071DC3A /* Release */ = {
			isa = XCBuildConfiguration;
			buildSettings = {
				ASSETCATALOG_COMPILER_APPICON_NAME = AppIcon;
				ASSETCATALOG_COMPILER_GLOBAL_ACCENT_COLOR_NAME = AccentColor;
				CODE_SIGN_STYLE = Automatic;
				DEVELOPMENT_ASSET_PATHS = "\"SimpleApp/Preview Content\"";
				DEVELOPMENT_TEAM = PGM77L2QFE;
				ENABLE_PREVIEWS = YES;
				INFOPLIST_FILE = SimpleApp/Info.plist;
				IPHONEOS_DEPLOYMENT_TARGET = 14.0;
				LD_RUNPATH_SEARCH_PATHS = (
					"$(inherited)",
					"@executable_path/Frameworks",
				);
				PRODUCT_BUNDLE_IDENTIFIER = jlznerDev.SimpleApp;
				PRODUCT_NAME = "$(TARGET_NAME)";
				SWIFT_VERSION = 5.0;
				TARGETED_DEVICE_FAMILY = "1,2";
			};
			name = Release;
		};
		98B9BA1926D9FB5F0071DC3A /* Debug */ = {
			isa = XCBuildConfiguration;
			buildSettings = {
				ALWAYS_EMBED_SWIFT_STANDARD_LIBRARIES = YES;
				BUNDLE_LOADER = "$(TEST_HOST)";
				CODE_SIGN_STYLE = Automatic;
				DEVELOPMENT_TEAM = PGM77L2QFE;
				INFOPLIST_FILE = SimpleAppTests/Info.plist;
				IPHONEOS_DEPLOYMENT_TARGET = 14.0;
				LD_RUNPATH_SEARCH_PATHS = (
					"$(inherited)",
					"@executable_path/Frameworks",
					"@loader_path/Frameworks",
				);
				PRODUCT_BUNDLE_IDENTIFIER = jlznerDev.SimpleAppTests;
				PRODUCT_NAME = "$(TARGET_NAME)";
				SWIFT_VERSION = 5.0;
				TARGETED_DEVICE_FAMILY = "1,2";
				TEST_HOST = "$(BUILT_PRODUCTS_DIR)/SimpleApp.app/SimpleApp";
			};
			name = Debug;
		};
		98B9BA1A26D9FB5F0071DC3A /* Release */ = {
			isa = XCBuildConfiguration;
			buildSettings = {
				ALWAYS_EMBED_SWIFT_STANDARD_LIBRARIES = YES;
				BUNDLE_LOADER = "$(TEST_HOST)";
				CODE_SIGN_STYLE = Automatic;
				DEVELOPMENT_TEAM = PGM77L2QFE;
				INFOPLIST_FILE = SimpleAppTests/Info.plist;
				IPHONEOS_DEPLOYMENT_TARGET = 14.0;
				LD_RUNPATH_SEARCH_PATHS = (
					"$(inherited)",
					"@executable_path/Frameworks",
					"@loader_path/Frameworks",
				);
				PRODUCT_BUNDLE_IDENTIFIER = jlznerDev.SimpleAppTests;
				PRODUCT_NAME = "$(TARGET_NAME)";
				SWIFT_VERSION = 5.0;
				TARGETED_DEVICE_FAMILY = "1,2";
				TEST_HOST = "$(BUILT_PRODUCTS_DIR)/SimpleApp.app/SimpleApp";
			};
			name = Release;
		};
		98B9BA1C26D9FB5F0071DC3A /* Debug */ = {
			isa = XCBuildConfiguration;
			buildSettings = {
				ALWAYS_EMBED_SWIFT_STANDARD_LIBRARIES = YES;
				CODE_SIGN_STYLE = Automatic;
				DEVELOPMENT_TEAM = PGM77L2QFE;
				INFOPLIST_FILE = SimpleAppUITests/Info.plist;
				LD_RUNPATH_SEARCH_PATHS = (
					"$(inherited)",
					"@executable_path/Frameworks",
					"@loader_path/Frameworks",
				);
				PRODUCT_BUNDLE_IDENTIFIER = jlznerDev.SimpleAppUITests;
				PRODUCT_NAME = "$(TARGET_NAME)";
				SWIFT_VERSION = 5.0;
				TARGETED_DEVICE_FAMILY = "1,2";
				TEST_TARGET_NAME = SimpleApp;
			};
			name = Debug;
		};
		98B9BA1D26D9FB5F0071DC3A /* Release */ = {
			isa = XCBuildConfiguration;
			buildSettings = {
				ALWAYS_EMBED_SWIFT_STANDARD_LIBRARIES = YES;
				CODE_SIGN_STYLE = Automatic;
				DEVELOPMENT_TEAM = PGM77L2QFE;
				INFOPLIST_FILE = SimpleAppUITests/Info.plist;
				LD_RUNPATH_SEARCH_PATHS = (
					"$(inherited)",
					"@executable_path/Frameworks",
					"@loader_path/Frameworks",
				);
				PRODUCT_BUNDLE_IDENTIFIER = jlznerDev.SimpleAppUITests;
				PRODUCT_NAME = "$(TARGET_NAME)";
				SWIFT_VERSION = 5.0;
				TARGETED_DEVICE_FAMILY = "1,2";
				TEST_TARGET_NAME = SimpleApp;
			};
			name = Release;
		};
/* End XCBuildConfiguration section */

/* Begin XCConfigurationList section */
		98B9B9EB26D9FB5D0071DC3A /* Build configuration list for PBXProject "SimpleApp" */ = {
			isa = XCConfigurationList;
			buildConfigurations = (
				98B9BA1326D9FB5F0071DC3A /* Debug */,
				98B9BA1426D9FB5F0071DC3A /* Release */,
			);
			defaultConfigurationIsVisible = 0;
			defaultConfigurationName = Release;
		};
		98B9BA1526D9FB5F0071DC3A /* Build configuration list for PBXNativeTarget "SimpleApp" */ = {
			isa = XCConfigurationList;
			buildConfigurations = (
				98B9BA1626D9FB5F0071DC3A /* Debug */,
				98B9BA1726D9FB5F0071DC3A /* Release */,
			);
			defaultConfigurationIsVisible = 0;
			defaultConfigurationName = Release;
		};
		98B9BA1826D9FB5F0071DC3A /* Build configuration list for PBXNativeTarget "SimpleAppTests" */ = {
			isa = XCConfigurationList;
			buildConfigurations = (
				98B9BA1926D9FB5F0071DC3A /* Debug */,
				98B9BA1A26D9FB5F0071DC3A /* Release */,
			);
			defaultConfigurationIsVisible = 0;
			defaultConfigurationName = Release;
		};
		98B9BA1B26D9FB5F0071DC3A /* Build configuration list for PBXNativeTarget "SimpleAppUITests" */ = {
			isa = XCConfigurationList;
			buildConfigurations = (
				98B9BA1C26D9FB5F0071DC3A /* Debug */,
				98B9BA1D26D9FB5F0071DC3A /* Release */,
			);
			defaultConfigurationIsVisible = 0;
			defaultConfigurationName = Release;
		};
/* End XCConfigurationList section */
	};
	rootObject = 98B9B9E826D9FB5D0071DC3A /* Project object */;
}
